{
  "name": "tagtab",
  "version": "1.0.0",
  "lockfileVersion": 1,
  "requires": true,
  "dependencies": {
    "@types/chrome": {
      "version": "0.0.100",
      "resolved": "https://registry.npm.taobao.org/@types/chrome/download/@types/chrome-0.0.100.tgz",
      "integrity": "sha1-eMrKZnhMzWNvwV9Jc2a2oph7VgY=",
      "requires": {
        "@types/filesystem": "*"
      }
    },
    "@types/filesystem": {
      "version": "0.0.29",
      "resolved": "https://registry.npm.taobao.org/@types/filesystem/download/@types/filesystem-0.0.29.tgz",
      "integrity": "sha1-7jdI61vhQNz5gMO9NfEa7F96N0g=",
      "requires": {
        "@types/filewriter": "*"
      }
    },
    "@types/filewriter": {
      "version": "0.0.28",
      "resolved": "https://registry.npm.taobao.org/@types/filewriter/download/@types/filewriter-0.0.28.tgz",
      "integrity": "sha1-wFTor02d11205jq8dviFFocU1LM="
    },
    "typescript": {
      "version": "3.8.3",
      "resolved": "https://registry.npm.taobao.org/typescript/download/typescript-3.8.3.tgz?cache=0&sync_timestamp=1584429208210&other_urls=https%3A%2F%2Fregistry.npm.taobao.org%2Ftypescript%2Fdownload%2Ftypescript-3.8.3.tgz",
      "integrity": "sha1-QJ64VE6gM1cRIFhp7EWKsQnuEGE="
    }
  }
}
